PODS:
  - Leanplum-iOS-Location (2.1.0)
  - Leanplum-iOS-SDK (2.1.0)

DEPENDENCIES:
  - Leanplum-iOS-Location (= 2.1.0)
  - Leanplum-iOS-SDK (= 2.1.0)

SPEC REPOS:
  https://github.com/cocoapods/specs.git:
    - Leanplum-iOS-Location
    - Leanplum-iOS-SDK

SPEC CHECKSUMS:
  Leanplum-iOS-Location: 04eaeaebdcc63b782742d39f049bca15f8d50af8
  Leanplum-iOS-SDK: b88f90e8bfacfb1ea602b33377c2926286d3de77

PODFILE CHECKSUM: 3bc5c8d645ecec2b9687b16c65c6a0bdaef3b074

COCOAPODS: 1.5.3
