PODS:
  - Leanplum-iOS-Location (2.2.2):
    - Leanplum-iOS-SDK
  - Leanplum-iOS-SDK (2.2.2)
  - Realm (3.13.0):
    - Realm/Headers (= 3.13.0)
  - Realm/Headers (3.13.0)

DEPENDENCIES:
  - Leanplum-iOS-Location (= 2.2.2)
  - Leanplum-iOS-SDK (= 2.2.2)
  - Realm

SPEC REPOS:
  https://github.com/cocoapods/specs.git:
    - Leanplum-iOS-Location
    - Leanplum-iOS-SDK
    - Realm

SPEC CHECKSUMS:
  Leanplum-iOS-Location: 73b7fe6b1dc5cfbb402faaf2621bc366b08214a6
  Leanplum-iOS-SDK: da2b1e002513c711171fa391917920c04ba3ef11
  Realm: 5edd2ee65406aef591a4f9895de5a3440e51b3d8

PODFILE CHECKSUM: 6b3eb0c2c972333aaeee152023e64b66ecc3648c

COCOAPODS: 1.5.3
